
Microsoft Visual Studio Solution File, Format Version 12.00
# Visual Studio Version 16
VisualStudioVersion = 16.0.30413.136
MinimumVisualStudioVersion = 10.0.40219.1
Project("{FAE04EC0-301F-11D3-BF4B-00C04F79EFBC}") = "ReadXml", "ReadXml\ReadXml.csproj", "{4C4D0240-971A-49FA-BD48-620EE9103BC4}"
EndProject
Project("{FAE04EC0-301F-11D3-BF4B-00C04F79EFBC}") = "LibraryFigurs", "LibraryFigurs\LibraryFigurs.csproj", "{C02027FB-796D-44F6-966C-22AA7101C6E1}"
EndProject
Project("{FAE04EC0-301F-11D3-BF4B-00C04F79EFBC}") = "ParsingFiles", "ParsingFiles\ParsingFiles.csproj", "{51A9DDC1-468E-4F48-9BBC-AFF6A3243B10}"
EndProject
Global
	GlobalSection(SolutionConfigurationPlatforms) = preSolution
		Debug|Any CPU = Debug|Any CPU
		Release|Any CPU = Release|Any CPU
	EndGlobalSection
	GlobalSection(ProjectConfigurationPlatforms) = postSolution
		{4C4D0240-971A-49FA-BD48-620EE9103BC4}.Debug|Any CPU.ActiveCfg = Debug|Any CPU
		{4C4D0240-971A-49FA-BD48-620EE9103BC4}.Debug|Any CPU.Build.0 = Debug|Any CPU
		{4C4D0240-971A-49FA-BD48-620EE9103BC4}.Release|Any CPU.ActiveCfg = Release|Any CPU
		{4C4D0240-971A-49FA-BD48-620EE9103BC4}.Release|Any CPU.Build.0 = Release|Any CPU
		{C02027FB-796D-44F6-966C-22AA7101C6E1}.Debug|Any CPU.ActiveCfg = Debug|Any CPU
		{C02027FB-796D-44F6-966C-22AA7101C6E1}.Debug|Any CPU.Build.0 = Debug|Any CPU
		{C02027FB-796D-44F6-966C-22AA7101C6E1}.Release|Any CPU.ActiveCfg = Release|Any CPU
		{C02027FB-796D-44F6-966C-22AA7101C6E1}.Release|Any CPU.Build.0 = Release|Any CPU
		{51A9DDC1-468E-4F48-9BBC-AFF6A3243B10}.Debug|Any CPU.ActiveCfg = Debug|Any CPU
		{51A9DDC1-468E-4F48-9BBC-AFF6A3243B10}.Debug|Any CPU.Build.0 = Debug|Any CPU
		{51A9DDC1-468E-4F48-9BBC-AFF6A3243B10}.Release|Any CPU.ActiveCfg = Release|Any CPU
		{51A9DDC1-468E-4F48-9BBC-AFF6A3243B10}.Release|Any CPU.Build.0 = Release|Any CPU
	EndGlobalSection
	GlobalSection(SolutionProperties) = preSolution
		HideSolutionNode = FALSE
	EndGlobalSection
	GlobalSection(ExtensibilityGlobals) = postSolution
		SolutionGuid = {7040A37D-7248-42C5-B09A-86D4062B118B}
	EndGlobalSection
EndGlobal
